
Microsoft Visual Studio Solution File, Format Version 12.00
# Visual Studio Version 17
VisualStudioVersion = 17.7.34221.43
MinimumVisualStudioVersion = 10.0.40219.1
Project("{2150E333-8FDC-42A3-9474-1A3956D46DE8}") = "Solution Items", "Solution Items", "{51420EB4-382A-4423-B4A5-A5D5D4CD6993}"
	ProjectSection(SolutionItems) = preProject
		src\00-HelloWorld.fsx = src\00-HelloWorld.fsx
		src\fsharp-basic-syntax.fsx = src\fsharp-basic-syntax.fsx
	EndProjectSection
EndProject
Project("{6EC3EE1D-3C4E-46DD-8F32-0CC8E7565705}") = "0-PreStudy", "src\0-Prestudy\0-PreStudy.fsproj", "{D0026F00-CFEE-45E1-A9A1-2568C49CC685}"
EndProject
Project("{6EC3EE1D-3C4E-46DD-8F32-0CC8E7565705}") = "A-UnderstandingTheDomain", "src\PartA\A-UnderstandingTheDomain.fsproj", "{AD71D152-E967-44E1-BF57-6130648DC04B}"
EndProject
Project("{6EC3EE1D-3C4E-46DD-8F32-0CC8E7565705}") = "B-ModelingTheDomain", "src\PartB\B-ModelingTheDomain.fsproj", "{E8E440B5-D73F-4659-9C36-F4C1622E8020}"
EndProject
Project("{6EC3EE1D-3C4E-46DD-8F32-0CC8E7565705}") = "C-RefiningTheDomain", "src\PartC\C-RefiningTheDomain.fsproj", "{62000B7C-31F8-4AEE-B313-344020E1DC16}"
EndProject
Project("{6EC3EE1D-3C4E-46DD-8F32-0CC8E7565705}") = "D-ModellingStateAndTime", "src\PartD\D-ModellingStateAndTime.fsproj", "{284A536E-A794-4EE7-9095-8D25537DD9A6}"
EndProject
Project("{6EC3EE1D-3C4E-46DD-8F32-0CC8E7565705}") = "E-ModellingErrors", "src\PartE\E-ModellingErrors.fsproj", "{AC4E73C4-30AD-40A4-B432-A10B453176F6}"
EndProject
Global
	GlobalSection(SolutionConfigurationPlatforms) = preSolution
		Debug|Any CPU = Debug|Any CPU
		Release|Any CPU = Release|Any CPU
	EndGlobalSection
	GlobalSection(ProjectConfigurationPlatforms) = postSolution
		{D0026F00-CFEE-45E1-A9A1-2568C49CC685}.Debug|Any CPU.ActiveCfg = Debug|Any CPU
		{D0026F00-CFEE-45E1-A9A1-2568C49CC685}.Release|Any CPU.ActiveCfg = Release|Any CPU
		{D0026F00-CFEE-45E1-A9A1-2568C49CC685}.Release|Any CPU.Build.0 = Release|Any CPU
		{AD71D152-E967-44E1-BF57-6130648DC04B}.Debug|Any CPU.ActiveCfg = Debug|Any CPU
		{AD71D152-E967-44E1-BF57-6130648DC04B}.Release|Any CPU.ActiveCfg = Release|Any CPU
		{AD71D152-E967-44E1-BF57-6130648DC04B}.Release|Any CPU.Build.0 = Release|Any CPU
		{E8E440B5-D73F-4659-9C36-F4C1622E8020}.Debug|Any CPU.ActiveCfg = Debug|Any CPU
		{E8E440B5-D73F-4659-9C36-F4C1622E8020}.Release|Any CPU.ActiveCfg = Release|Any CPU
		{E8E440B5-D73F-4659-9C36-F4C1622E8020}.Release|Any CPU.Build.0 = Release|Any CPU
		{62000B7C-31F8-4AEE-B313-344020E1DC16}.Debug|Any CPU.ActiveCfg = Debug|Any CPU
		{62000B7C-31F8-4AEE-B313-344020E1DC16}.Release|Any CPU.ActiveCfg = Release|Any CPU
		{62000B7C-31F8-4AEE-B313-344020E1DC16}.Release|Any CPU.Build.0 = Release|Any CPU
		{284A536E-A794-4EE7-9095-8D25537DD9A6}.Debug|Any CPU.ActiveCfg = Debug|Any CPU
		{284A536E-A794-4EE7-9095-8D25537DD9A6}.Debug|Any CPU.Build.0 = Debug|Any CPU
		{284A536E-A794-4EE7-9095-8D25537DD9A6}.Release|Any CPU.ActiveCfg = Release|Any CPU
		{284A536E-A794-4EE7-9095-8D25537DD9A6}.Release|Any CPU.Build.0 = Release|Any CPU
		{AC4E73C4-30AD-40A4-B432-A10B453176F6}.Debug|Any CPU.ActiveCfg = Debug|Any CPU
		{AC4E73C4-30AD-40A4-B432-A10B453176F6}.Debug|Any CPU.Build.0 = Debug|Any CPU
		{AC4E73C4-30AD-40A4-B432-A10B453176F6}.Release|Any CPU.ActiveCfg = Release|Any CPU
		{AC4E73C4-30AD-40A4-B432-A10B453176F6}.Release|Any CPU.Build.0 = Release|Any CPU
	EndGlobalSection
	GlobalSection(SolutionProperties) = preSolution
		HideSolutionNode = FALSE
	EndGlobalSection
	GlobalSection(ExtensibilityGlobals) = postSolution
		SolutionGuid = {432E6E9B-7C5A-4FC4-9F97-55543C31EA05}
	EndGlobalSection
EndGlobal
