
Microsoft Visual Studio Solution File, Format Version 12.00
# Visual Studio Version 17
VisualStudioVersion = 17.7.34221.43
MinimumVisualStudioVersion = 10.0.40219.1
Project("{6EC3EE1D-3C4E-46DD-8F32-0CC8E7565705}") = "fsharp_web", "fsharp_web.fsproj", "{C8CF833F-20FF-44D5-A7C9-CCD7D39CE01A}"
EndProject
Global
	GlobalSection(SolutionConfigurationPlatforms) = preSolution
		Debug|Any CPU = Debug|Any CPU
		Release|Any CPU = Release|Any CPU
	EndGlobalSection
	GlobalSection(ProjectConfigurationPlatforms) = postSolution
		{C8CF833F-20FF-44D5-A7C9-CCD7D39CE01A}.Debug|Any CPU.ActiveCfg = Debug|Any CPU
		{C8CF833F-20FF-44D5-A7C9-CCD7D39CE01A}.Debug|Any CPU.Build.0 = Debug|Any CPU
		{C8CF833F-20FF-44D5-A7C9-CCD7D39CE01A}.Release|Any CPU.ActiveCfg = Release|Any CPU
		{C8CF833F-20FF-44D5-A7C9-CCD7D39CE01A}.Release|Any CPU.Build.0 = Release|Any CPU
	EndGlobalSection
	GlobalSection(SolutionProperties) = preSolution
		HideSolutionNode = FALSE
	EndGlobalSection
	GlobalSection(ExtensibilityGlobals) = postSolution
		SolutionGuid = {F2416BAA-D33B-43DD-A9F5-076F6A778FC6}
	EndGlobalSection
EndGlobal
